Microsoft Visual Studio Solution File, Format Version 11.00
# Visual Studio 2008

Project("{5374034A-40C8-D680-0CB4-F449C2EA00A0}") = "fetch", "Assembly-CSharp.csproj", "{DBAC8717-4271-5AD5-054B-CB1F82AC1610}"
EndProject
Project("{5374034A-40C8-D680-0CB4-F449C2EA00A0}") = "fetch", "Assembly-UnityScript.unityproj", "{02A5E3DB-B368-F806-C026-6D0AEA2A1440}"
EndProject
Global
	GlobalSection(SolutionConfigurationPlatforms) = preSolution
		Debug|Any CPU = Debug|Any CPU
		Release|Any CPU = Release|Any CPU
	EndGlobalSection
	GlobalSection(ProjectConfigurationPlatforms) = postSolution
		{DBAC8717-4271-5AD5-054B-CB1F82AC1610}.Debug|Any CPU.ActiveCfg = Debug|Any CPU
		{DBAC8717-4271-5AD5-054B-CB1F82AC1610}.Debug|Any CPU.Build.0 = Debug|Any CPU
		{DBAC8717-4271-5AD5-054B-CB1F82AC1610}.Release|Any CPU.ActiveCfg = Release|Any CPU
		{DBAC8717-4271-5AD5-054B-CB1F82AC1610}.Release|Any CPU.Build.0 = Release|Any CPU
		{02A5E3DB-B368-F806-C026-6D0AEA2A1440}.Debug|Any CPU.ActiveCfg = Debug|Any CPU
		{02A5E3DB-B368-F806-C026-6D0AEA2A1440}.Debug|Any CPU.Build.0 = Debug|Any CPU
		{02A5E3DB-B368-F806-C026-6D0AEA2A1440}.Release|Any CPU.ActiveCfg = Release|Any CPU
		{02A5E3DB-B368-F806-C026-6D0AEA2A1440}.Release|Any CPU.Build.0 = Release|Any CPU
	EndGlobalSection
	GlobalSection(SolutionProperties) = preSolution
		HideSolutionNode = FALSE
	EndGlobalSection
	GlobalSection(MonoDevelopProperties) = preSolution
		StartupItem = Assembly-CSharp.csproj
	EndGlobalSection
EndGlobal
